
Microsoft Visual Studio Solution File, Format Version 12.00
# Visual Studio Version 17
VisualStudioVersion = 17.4.33205.214
MinimumVisualStudioVersion = 10.0.40219.1
Project("{FAE04EC0-301F-11D3-BF4B-00C04F79EFBC}") = "AdventOfCode", "AdventOfCode.csproj", "{068ECC19-1E6A-459B-B780-A81BB68EE19F}"
EndProject
Global
	GlobalSection(SolutionConfigurationPlatforms) = preSolution
		Debug|Any CPU = Debug|Any CPU
		Release|Any CPU = Release|Any CPU
	EndGlobalSection
	GlobalSection(ProjectConfigurationPlatforms) = postSolution
		{068ECC19-1E6A-459B-B780-A81BB68EE19F}.Debug|Any CPU.ActiveCfg = Debug|Any CPU
		{068ECC19-1E6A-459B-B780-A81BB68EE19F}.Debug|Any CPU.Build.0 = Debug|Any CPU
		{068ECC19-1E6A-459B-B780-A81BB68EE19F}.Release|Any CPU.ActiveCfg = Release|Any CPU
		{068ECC19-1E6A-459B-B780-A81BB68EE19F}.Release|Any CPU.Build.0 = Release|Any CPU
	EndGlobalSection
	GlobalSection(SolutionProperties) = preSolution
		HideSolutionNode = FALSE
	EndGlobalSection
	GlobalSection(ExtensibilityGlobals) = postSolution
		SolutionGuid = {CCE675D1-C25E-489C-BCAB-896E6211EBAC}
	EndGlobalSection
EndGlobal
